
Microsoft Visual Studio Solution File, Format Version 12.00
# Visual Studio Version 17
VisualStudioVersion = 17.12.35728.132 d17.12
MinimumVisualStudioVersion = 10.0.40219.1
Project("{FAE04EC0-301F-11D3-BF4B-00C04F79EFBC}") = "Masiv", "Masiv\Masiv.csproj", "{43550F30-2860-458E-8702-881D68FEA0E2}"
EndProject
Project("{FAE04EC0-301F-11D3-BF4B-00C04F79EFBC}") = "IndexLetter", "IndexLetter\IndexLetter.csproj", "{C42F0ECE-8C1F-408A-9F6F-BAE71AB9E7EC}"
EndProject
Global
	GlobalSection(SolutionConfigurationPlatforms) = preSolution
		Debug|Any CPU = Debug|Any CPU
		Release|Any CPU = Release|Any CPU
	EndGlobalSection
	GlobalSection(ProjectConfigurationPlatforms) = postSolution
		{43550F30-2860-458E-8702-881D68FEA0E2}.Debug|Any CPU.ActiveCfg = Debug|Any CPU
		{43550F30-2860-458E-8702-881D68FEA0E2}.Debug|Any CPU.Build.0 = Debug|Any CPU
		{43550F30-2860-458E-8702-881D68FEA0E2}.Release|Any CPU.ActiveCfg = Release|Any CPU
		{43550F30-2860-458E-8702-881D68FEA0E2}.Release|Any CPU.Build.0 = Release|Any CPU
		{C42F0ECE-8C1F-408A-9F6F-BAE71AB9E7EC}.Debug|Any CPU.ActiveCfg = Debug|Any CPU
		{C42F0ECE-8C1F-408A-9F6F-BAE71AB9E7EC}.Debug|Any CPU.Build.0 = Debug|Any CPU
		{C42F0ECE-8C1F-408A-9F6F-BAE71AB9E7EC}.Release|Any CPU.ActiveCfg = Release|Any CPU
		{C42F0ECE-8C1F-408A-9F6F-BAE71AB9E7EC}.Release|Any CPU.Build.0 = Release|Any CPU
	EndGlobalSection
	GlobalSection(SolutionProperties) = preSolution
		HideSolutionNode = FALSE
	EndGlobalSection
EndGlobal
