
Microsoft Visual Studio Solution File, Format Version 12.00
# Visual Studio Version 17
VisualStudioVersion = 17.13.35919.96
MinimumVisualStudioVersion = 10.0.40219.1
Project("{FAE04EC0-301F-11D3-BF4B-00C04F79EFBC}") = "P01 - Demo", "P01 - Demo\P01 - Demo.csproj", "{C4C97170-AEAE-4168-9B76-44729EEE9193}"
EndProject
Project("{FAE04EC0-301F-11D3-BF4B-00C04F79EFBC}") = "WinFormsApp1", "WinFormsApp1\WinFormsApp1.csproj", "{132A16AF-135F-41F8-84FB-CBD0A8DED15A}"
EndProject
Project("{FAE04EC0-301F-11D3-BF4B-00C04F79EFBC}") = "P03 - DRawElipseHalf", "P03 - DRawElipseHalf\P03 - DRawElipseHalf.csproj", "{E7FB0DDF-84B7-4C28-91F9-258050CDF00C}"
EndProject
Global
	GlobalSection(SolutionConfigurationPlatforms) = preSolution
		Debug|Any CPU = Debug|Any CPU
		Release|Any CPU = Release|Any CPU
	EndGlobalSection
	GlobalSection(ProjectConfigurationPlatforms) = postSolution
		{C4C97170-AEAE-4168-9B76-44729EEE9193}.Debug|Any CPU.ActiveCfg = Debug|Any CPU
		{C4C97170-AEAE-4168-9B76-44729EEE9193}.Debug|Any CPU.Build.0 = Debug|Any CPU
		{C4C97170-AEAE-4168-9B76-44729EEE9193}.Release|Any CPU.ActiveCfg = Release|Any CPU
		{C4C97170-AEAE-4168-9B76-44729EEE9193}.Release|Any CPU.Build.0 = Release|Any CPU
		{132A16AF-135F-41F8-84FB-CBD0A8DED15A}.Debug|Any CPU.ActiveCfg = Debug|Any CPU
		{132A16AF-135F-41F8-84FB-CBD0A8DED15A}.Debug|Any CPU.Build.0 = Debug|Any CPU
		{132A16AF-135F-41F8-84FB-CBD0A8DED15A}.Release|Any CPU.ActiveCfg = Release|Any CPU
		{132A16AF-135F-41F8-84FB-CBD0A8DED15A}.Release|Any CPU.Build.0 = Release|Any CPU
		{E7FB0DDF-84B7-4C28-91F9-258050CDF00C}.Debug|Any CPU.ActiveCfg = Debug|Any CPU
		{E7FB0DDF-84B7-4C28-91F9-258050CDF00C}.Debug|Any CPU.Build.0 = Debug|Any CPU
		{E7FB0DDF-84B7-4C28-91F9-258050CDF00C}.Release|Any CPU.ActiveCfg = Release|Any CPU
		{E7FB0DDF-84B7-4C28-91F9-258050CDF00C}.Release|Any CPU.Build.0 = Release|Any CPU
	EndGlobalSection
	GlobalSection(SolutionProperties) = preSolution
		HideSolutionNode = FALSE
	EndGlobalSection
	GlobalSection(ExtensibilityGlobals) = postSolution
		SolutionGuid = {5960AD29-11B8-4928-AC42-00D20F6DB007}
	EndGlobalSection
EndGlobal
