
Microsoft Visual Studio Solution File, Format Version 12.00
# Visual Studio Version 17
VisualStudioVersion = 17.13.35919.96 d17.13
MinimumVisualStudioVersion = 10.0.40219.1
Project("{FAE04EC0-301F-11D3-BF4B-00C04F79EFBC}") = "Zadacha", "Zadacha\Zadacha.csproj", "{48D6CCEF-87B8-40B2-94D2-FAD3DCE7B3E9}"
EndProject
Global
	GlobalSection(SolutionConfigurationPlatforms) = preSolution
		Debug|Any CPU = Debug|Any CPU
		Release|Any CPU = Release|Any CPU
	EndGlobalSection
	GlobalSection(ProjectConfigurationPlatforms) = postSolution
		{48D6CCEF-87B8-40B2-94D2-FAD3DCE7B3E9}.Debug|Any CPU.ActiveCfg = Debug|Any CPU
		{48D6CCEF-87B8-40B2-94D2-FAD3DCE7B3E9}.Debug|Any CPU.Build.0 = Debug|Any CPU
		{48D6CCEF-87B8-40B2-94D2-FAD3DCE7B3E9}.Release|Any CPU.ActiveCfg = Release|Any CPU
		{48D6CCEF-87B8-40B2-94D2-FAD3DCE7B3E9}.Release|Any CPU.Build.0 = Release|Any CPU
	EndGlobalSection
	GlobalSection(SolutionProperties) = preSolution
		HideSolutionNode = FALSE
	EndGlobalSection
	GlobalSection(ExtensibilityGlobals) = postSolution
		SolutionGuid = {D5076238-F5B4-4278-83D1-60AA3AECDCBF}
	EndGlobalSection
EndGlobal
