
Microsoft Visual Studio Solution File, Format Version 12.00
# Visual Studio Version 17
VisualStudioVersion = 17.13.35919.96
MinimumVisualStudioVersion = 10.0.40219.1
Project("{FAE04EC0-301F-11D3-BF4B-00C04F79EFBC}") = "P01 - Demo", "P01 - Demo\P01 - Demo.csproj", "{64AC2832-DA10-4A9A-9803-C62CA62C743A}"
EndProject
Project("{FAE04EC0-301F-11D3-BF4B-00C04F79EFBC}") = "P03 - DrawElipse", "P03 - DrawElipse\P03 - DrawElipse.csproj", "{4376D34D-04FE-4174-97B7-F567695FAB5E}"
EndProject
Project("{FAE04EC0-301F-11D3-BF4B-00C04F79EFBC}") = "P03 - DrawElipseHalf", "P03 - DrawElipseHalf\P03 - DrawElipseHalf.csproj", "{BA825FD5-15D7-486D-B402-DD02DC0672CC}"
EndProject
Project("{FAE04EC0-301F-11D3-BF4B-00C04F79EFBC}") = "P04 - Vpisan_Krag", "P04 - Vpisan_Krag\P04 - Vpisan_Krag.csproj", "{ED2C3E82-FC51-4F6B-8849-51F38584E0ED}"
EndProject
Project("{FAE04EC0-301F-11D3-BF4B-00C04F79EFBC}") = "P05 - DrawArc", "P05 - DrawArc\P05 - DrawArc.csproj", "{5392106D-863F-4CC1-A9B9-98858E69836F}"
EndProject
Project("{FAE04EC0-301F-11D3-BF4B-00C04F79EFBC}") = "P6 - Brush", "P6 - Brush\P6 - Brush.csproj", "{5BB64812-4468-435A-8CBC-854BA5A8E8E7}"
EndProject
Global
	GlobalSection(SolutionConfigurationPlatforms) = preSolution
		Debug|Any CPU = Debug|Any CPU
		Release|Any CPU = Release|Any CPU
	EndGlobalSection
	GlobalSection(ProjectConfigurationPlatforms) = postSolution
		{64AC2832-DA10-4A9A-9803-C62CA62C743A}.Debug|Any CPU.ActiveCfg = Debug|Any CPU
		{64AC2832-DA10-4A9A-9803-C62CA62C743A}.Debug|Any CPU.Build.0 = Debug|Any CPU
		{64AC2832-DA10-4A9A-9803-C62CA62C743A}.Release|Any CPU.ActiveCfg = Release|Any CPU
		{64AC2832-DA10-4A9A-9803-C62CA62C743A}.Release|Any CPU.Build.0 = Release|Any CPU
		{4376D34D-04FE-4174-97B7-F567695FAB5E}.Debug|Any CPU.ActiveCfg = Debug|Any CPU
		{4376D34D-04FE-4174-97B7-F567695FAB5E}.Debug|Any CPU.Build.0 = Debug|Any CPU
		{4376D34D-04FE-4174-97B7-F567695FAB5E}.Release|Any CPU.ActiveCfg = Release|Any CPU
		{4376D34D-04FE-4174-97B7-F567695FAB5E}.Release|Any CPU.Build.0 = Release|Any CPU
		{BA825FD5-15D7-486D-B402-DD02DC0672CC}.Debug|Any CPU.ActiveCfg = Debug|Any CPU
		{BA825FD5-15D7-486D-B402-DD02DC0672CC}.Debug|Any CPU.Build.0 = Debug|Any CPU
		{BA825FD5-15D7-486D-B402-DD02DC0672CC}.Release|Any CPU.ActiveCfg = Release|Any CPU
		{BA825FD5-15D7-486D-B402-DD02DC0672CC}.Release|Any CPU.Build.0 = Release|Any CPU
		{ED2C3E82-FC51-4F6B-8849-51F38584E0ED}.Debug|Any CPU.ActiveCfg = Debug|Any CPU
		{ED2C3E82-FC51-4F6B-8849-51F38584E0ED}.Debug|Any CPU.Build.0 = Debug|Any CPU
		{ED2C3E82-FC51-4F6B-8849-51F38584E0ED}.Release|Any CPU.ActiveCfg = Release|Any CPU
		{ED2C3E82-FC51-4F6B-8849-51F38584E0ED}.Release|Any CPU.Build.0 = Release|Any CPU
		{5392106D-863F-4CC1-A9B9-98858E69836F}.Debug|Any CPU.ActiveCfg = Debug|Any CPU
		{5392106D-863F-4CC1-A9B9-98858E69836F}.Debug|Any CPU.Build.0 = Debug|Any CPU
		{5392106D-863F-4CC1-A9B9-98858E69836F}.Release|Any CPU.ActiveCfg = Release|Any CPU
		{5392106D-863F-4CC1-A9B9-98858E69836F}.Release|Any CPU.Build.0 = Release|Any CPU
		{5BB64812-4468-435A-8CBC-854BA5A8E8E7}.Debug|Any CPU.ActiveCfg = Debug|Any CPU
		{5BB64812-4468-435A-8CBC-854BA5A8E8E7}.Debug|Any CPU.Build.0 = Debug|Any CPU
		{5BB64812-4468-435A-8CBC-854BA5A8E8E7}.Release|Any CPU.ActiveCfg = Release|Any CPU
		{5BB64812-4468-435A-8CBC-854BA5A8E8E7}.Release|Any CPU.Build.0 = Release|Any CPU
	EndGlobalSection
	GlobalSection(SolutionProperties) = preSolution
		HideSolutionNode = FALSE
	EndGlobalSection
	GlobalSection(ExtensibilityGlobals) = postSolution
		SolutionGuid = {6F814E3D-C4C0-4FC8-A71B-CDF2883E9009}
	EndGlobalSection
EndGlobal
