
Microsoft Visual Studio Solution File, Format Version 12.00
# Visual Studio Version 17
VisualStudioVersion = 17.12.35728.132
MinimumVisualStudioVersion = 10.0.40219.1
Project("{FAE04EC0-301F-11D3-BF4B-00C04F79EFBC}") = "P01 - Demo", "P01 - Demo\P01 - Demo.csproj", "{6681A1E0-6B0F-4740-8390-C7ACBB12F1A4}"
EndProject
Project("{FAE04EC0-301F-11D3-BF4B-00C04F79EFBC}") = "P02 - Kvadrat", "P02 - Kvadrat\P02 - Kvadrat.csproj", "{A1867B38-57C9-449C-9FD3-1D600619C17F}"
EndProject
Project("{FAE04EC0-301F-11D3-BF4B-00C04F79EFBC}") = "P03 - Kvadrat-Perimetar", "P03 - Kvadrat-Perimetar\P03 - Kvadrat-Perimetar.csproj", "{15C4DE52-52EA-4E7A-9211-003ECF0EAF9B}"
EndProject
Project("{FAE04EC0-301F-11D3-BF4B-00C04F79EFBC}") = "P04 - Pravoagalnik - LicePer", "P04 - Pravoagalnik - LicePer\P04 - Pravoagalnik - LicePer.csproj", "{AE7778D8-B2EB-449D-BBBA-9070A88EB17B}"
EndProject
Project("{FAE04EC0-301F-11D3-BF4B-00C04F79EFBC}") = "P05 - TRiagalnik-LicePerometar", "P05 - TRiagalnik-LicePerometar\P05 - TRiagalnik-LicePerometar.csproj", "{57547B6F-FF13-4114-9F90-35BD48193B1A}"
EndProject
Project("{FAE04EC0-301F-11D3-BF4B-00C04F79EFBC}") = "P06 - PoGolqmoChislo", "P06 - PoGolqmoChislo\P06 - PoGolqmoChislo.csproj", "{A0A8C32C-E432-42DF-8778-2E17E3768E3C}"
EndProject
Project("{FAE04EC0-301F-11D3-BF4B-00C04F79EFBC}") = "P07  - PoGolomoChislo", "P07  - PoGolomoChislo\P07  - PoGolomoChislo.csproj", "{136216E5-EE76-4512-9CE9-592B8BE220E5}"
EndProject
Global
	GlobalSection(SolutionConfigurationPlatforms) = preSolution
		Debug|Any CPU = Debug|Any CPU
		Release|Any CPU = Release|Any CPU
	EndGlobalSection
	GlobalSection(ProjectConfigurationPlatforms) = postSolution
		{6681A1E0-6B0F-4740-8390-C7ACBB12F1A4}.Debug|Any CPU.ActiveCfg = Debug|Any CPU
		{6681A1E0-6B0F-4740-8390-C7ACBB12F1A4}.Debug|Any CPU.Build.0 = Debug|Any CPU
		{6681A1E0-6B0F-4740-8390-C7ACBB12F1A4}.Release|Any CPU.ActiveCfg = Release|Any CPU
		{6681A1E0-6B0F-4740-8390-C7ACBB12F1A4}.Release|Any CPU.Build.0 = Release|Any CPU
		{A1867B38-57C9-449C-9FD3-1D600619C17F}.Debug|Any CPU.ActiveCfg = Debug|Any CPU
		{A1867B38-57C9-449C-9FD3-1D600619C17F}.Debug|Any CPU.Build.0 = Debug|Any CPU
		{A1867B38-57C9-449C-9FD3-1D600619C17F}.Release|Any CPU.ActiveCfg = Release|Any CPU
		{A1867B38-57C9-449C-9FD3-1D600619C17F}.Release|Any CPU.Build.0 = Release|Any CPU
		{15C4DE52-52EA-4E7A-9211-003ECF0EAF9B}.Debug|Any CPU.ActiveCfg = Debug|Any CPU
		{15C4DE52-52EA-4E7A-9211-003ECF0EAF9B}.Debug|Any CPU.Build.0 = Debug|Any CPU
		{15C4DE52-52EA-4E7A-9211-003ECF0EAF9B}.Release|Any CPU.ActiveCfg = Release|Any CPU
		{15C4DE52-52EA-4E7A-9211-003ECF0EAF9B}.Release|Any CPU.Build.0 = Release|Any CPU
		{AE7778D8-B2EB-449D-BBBA-9070A88EB17B}.Debug|Any CPU.ActiveCfg = Debug|Any CPU
		{AE7778D8-B2EB-449D-BBBA-9070A88EB17B}.Debug|Any CPU.Build.0 = Debug|Any CPU
		{AE7778D8-B2EB-449D-BBBA-9070A88EB17B}.Release|Any CPU.ActiveCfg = Release|Any CPU
		{AE7778D8-B2EB-449D-BBBA-9070A88EB17B}.Release|Any CPU.Build.0 = Release|Any CPU
		{57547B6F-FF13-4114-9F90-35BD48193B1A}.Debug|Any CPU.ActiveCfg = Debug|Any CPU
		{57547B6F-FF13-4114-9F90-35BD48193B1A}.Debug|Any CPU.Build.0 = Debug|Any CPU
		{57547B6F-FF13-4114-9F90-35BD48193B1A}.Release|Any CPU.ActiveCfg = Release|Any CPU
		{57547B6F-FF13-4114-9F90-35BD48193B1A}.Release|Any CPU.Build.0 = Release|Any CPU
		{A0A8C32C-E432-42DF-8778-2E17E3768E3C}.Debug|Any CPU.ActiveCfg = Debug|Any CPU
		{A0A8C32C-E432-42DF-8778-2E17E3768E3C}.Debug|Any CPU.Build.0 = Debug|Any CPU
		{A0A8C32C-E432-42DF-8778-2E17E3768E3C}.Release|Any CPU.ActiveCfg = Release|Any CPU
		{A0A8C32C-E432-42DF-8778-2E17E3768E3C}.Release|Any CPU.Build.0 = Release|Any CPU
		{136216E5-EE76-4512-9CE9-592B8BE220E5}.Debug|Any CPU.ActiveCfg = Debug|Any CPU
		{136216E5-EE76-4512-9CE9-592B8BE220E5}.Debug|Any CPU.Build.0 = Debug|Any CPU
		{136216E5-EE76-4512-9CE9-592B8BE220E5}.Release|Any CPU.ActiveCfg = Release|Any CPU
		{136216E5-EE76-4512-9CE9-592B8BE220E5}.Release|Any CPU.Build.0 = Release|Any CPU
	EndGlobalSection
	GlobalSection(SolutionProperties) = preSolution
		HideSolutionNode = FALSE
	EndGlobalSection
EndGlobal
