
Microsoft Visual Studio Solution File, Format Version 12.00
# Visual Studio Version 17
VisualStudioVersion = 17.13.35913.81 d17.13
MinimumVisualStudioVersion = 10.0.40219.1
Project("{FAE04EC0-301F-11D3-BF4B-00C04F79EFBC}") = "WebHotel", "WebHotel\WebHotel.csproj", "{8B0A5CDE-3A86-4479-8B26-16742E41B211}"
EndProject
Global
	GlobalSection(SolutionConfigurationPlatforms) = preSolution
		Debug|Any CPU = Debug|Any CPU
		Release|Any CPU = Release|Any CPU
	EndGlobalSection
	GlobalSection(ProjectConfigurationPlatforms) = postSolution
		{8B0A5CDE-3A86-4479-8B26-16742E41B211}.Debug|Any CPU.ActiveCfg = Debug|Any CPU
		{8B0A5CDE-3A86-4479-8B26-16742E41B211}.Debug|Any CPU.Build.0 = Debug|Any CPU
		{8B0A5CDE-3A86-4479-8B26-16742E41B211}.Release|Any CPU.ActiveCfg = Release|Any CPU
		{8B0A5CDE-3A86-4479-8B26-16742E41B211}.Release|Any CPU.Build.0 = Release|Any CPU
	EndGlobalSection
	GlobalSection(SolutionProperties) = preSolution
		HideSolutionNode = FALSE
	EndGlobalSection
	GlobalSection(ExtensibilityGlobals) = postSolution
		SolutionGuid = {3B280689-CE59-453E-AF95-A9C018205A56}
	EndGlobalSection
EndGlobal
