
Microsoft Visual Studio Solution File, Format Version 12.00
# Visual Studio Version 17
VisualStudioVersion = 17.13.35913.81 d17.13
MinimumVisualStudioVersion = 10.0.40219.1
Project("{FAE04EC0-301F-11D3-BF4B-00C04F79EFBC}") = "Zad_25", "Zad_25\Zad_25.csproj", "{FE85AEE4-817D-43CD-9108-5FC876632C05}"
EndProject
Project("{FAE04EC0-301F-11D3-BF4B-00C04F79EFBC}") = "zad_26", "zad_26\zad_26.csproj", "{FBB4E3BF-B7C5-4EFC-B6EE-FDCEA8680482}"
EndProject
Global
	GlobalSection(SolutionConfigurationPlatforms) = preSolution
		Debug|Any CPU = Debug|Any CPU
		Release|Any CPU = Release|Any CPU
	EndGlobalSection
	GlobalSection(ProjectConfigurationPlatforms) = postSolution
		{FE85AEE4-817D-43CD-9108-5FC876632C05}.Debug|Any CPU.ActiveCfg = Debug|Any CPU
		{FE85AEE4-817D-43CD-9108-5FC876632C05}.Debug|Any CPU.Build.0 = Debug|Any CPU
		{FE85AEE4-817D-43CD-9108-5FC876632C05}.Release|Any CPU.ActiveCfg = Release|Any CPU
		{FE85AEE4-817D-43CD-9108-5FC876632C05}.Release|Any CPU.Build.0 = Release|Any CPU
		{FBB4E3BF-B7C5-4EFC-B6EE-FDCEA8680482}.Debug|Any CPU.ActiveCfg = Debug|Any CPU
		{FBB4E3BF-B7C5-4EFC-B6EE-FDCEA8680482}.Debug|Any CPU.Build.0 = Debug|Any CPU
		{FBB4E3BF-B7C5-4EFC-B6EE-FDCEA8680482}.Release|Any CPU.ActiveCfg = Release|Any CPU
		{FBB4E3BF-B7C5-4EFC-B6EE-FDCEA8680482}.Release|Any CPU.Build.0 = Release|Any CPU
	EndGlobalSection
	GlobalSection(SolutionProperties) = preSolution
		HideSolutionNode = FALSE
	EndGlobalSection
	GlobalSection(ExtensibilityGlobals) = postSolution
		SolutionGuid = {C5D5CFA1-5B59-4FE4-9E38-396073276169}
	EndGlobalSection
EndGlobal
